
Microsoft Visual Studio Solution File, Format Version 12.00
# Visual Studio 15
VisualStudioVersion = 15.0.27004.2009
MinimumVisualStudioVersion = 10.0.40219.1
Project("{9A19103F-16F7-4668-BE54-9A1E7A4F7556}") = "StandPoint.Net.WebSockets", "StandPoint.Net.WebSockets\StandPoint.Net.WebSockets.csproj", "{A5911801-239B-4C06-8F24-75B6A4837331}"
EndProject
Project("{9A19103F-16F7-4668-BE54-9A1E7A4F7556}") = "StandPoint.Utilities", "StandPoint.Utilities\StandPoint.Utilities.csproj", "{77D0CAD9-85CC-4224-8925-2DB923471B1E}"
EndProject
Project("{9A19103F-16F7-4668-BE54-9A1E7A4F7556}") = "StandPoint.Blockchain", "StandPoint.Blockchain\StandPoint.Blockchain.csproj", "{E35469A8-A2B8-4923-BF0D-84E766F185B0}"
EndProject
Project("{2150E333-8FDC-42A3-9474-1A3956D46DE8}") = "Test", "Test", "{5AA728A7-FC9D-4FA2-BA28-7F9D46454011}"
EndProject
Project("{9A19103F-16F7-4668-BE54-9A1E7A4F7556}") = "ApplicationHost.Test", "ApplicationHost.Test\ApplicationHost.Test.csproj", "{F609FCE1-C33C-4F51-9D21-E7E211B912CC}"
EndProject
Project("{9A19103F-16F7-4668-BE54-9A1E7A4F7556}") = "StandPoint.Abstractions", "StandPoint.Abstractions\StandPoint.Abstractions.csproj", "{75DE837E-5F1C-4DB1-B5E1-F4BAA93144D2}"
EndProject
Project("{9A19103F-16F7-4668-BE54-9A1E7A4F7556}") = "StandPoint", "StandPoint\StandPoint.csproj", "{2CA22035-E8FA-4FD5-BC0D-A03DDDFD4596}"
EndProject
Project("{9A19103F-16F7-4668-BE54-9A1E7A4F7556}") = "StandPoint.Net.Http", "StandPoint.Net.Http\StandPoint.Net.Http.csproj", "{C0B99B9F-9324-4370-A8D1-F8AE29C7EE29}"
EndProject
Project("{9A19103F-16F7-4668-BE54-9A1E7A4F7556}") = "StandPoint.Net", "StandPoint.Net\StandPoint.Net.csproj", "{1041CDC9-BE77-446D-9DAA-A92C7BDA3252}"
EndProject
Project("{9A19103F-16F7-4668-BE54-9A1E7A4F7556}") = "StandPoint.IO.IPFS", "StandPoint.IO.IPFS\StandPoint.IO.IPFS.csproj", "{4837CF9A-13E4-4126-A077-B6DEF2A731F1}"
EndProject
Project("{9A19103F-16F7-4668-BE54-9A1E7A4F7556}") = "StandPoint.Net.Http.Server", "StandPoint.Net.Http.Server\StandPoint.Net.Http.Server.csproj", "{433AD6EF-95A2-494F-855F-6CDF9FFA48F3}"
EndProject
Project("{9A19103F-16F7-4668-BE54-9A1E7A4F7556}") = "StandPoint.AspNet", "StandPoint.AspNet\StandPoint.AspNet.csproj", "{4C4D38FF-70EB-4F90-B6E9-A4C758DCFCCA}"
EndProject
Project("{9A19103F-16F7-4668-BE54-9A1E7A4F7556}") = "StandPoint.Data.EF", "StandPoint.Data.EF\StandPoint.Data.EF.csproj", "{3F2169B8-1949-429F-8245-892241338ED6}"
EndProject
Project("{FAE04EC0-301F-11D3-BF4B-00C04F79EFBC}") = "StandPoint.Data.EF6", "StandPoint.Data.EF6\StandPoint.Data.EF6.csproj", "{6833A50D-5E67-471D-8EDC-62609A0D69FF}"
EndProject
Project("{2150E333-8FDC-42A3-9474-1A3956D46DE8}") = "DATA", "DATA", "{35BA6470-EDB6-42FB-9C82-3DC1F934B1F9}"
EndProject
Project("{9A19103F-16F7-4668-BE54-9A1E7A4F7556}") = "StandPoint.Threading", "StandPoint.Threading\StandPoint.Threading.csproj", "{1963959C-CFEE-43B3-B7E3-C022A9C50EE8}"
EndProject
Project("{9A19103F-16F7-4668-BE54-9A1E7A4F7556}") = "StandPoint.Reflection", "StandPoint.Reflection\StandPoint.Reflection.csproj", "{96C81FE9-B28A-4C00-AA39-B9C87C20CEBF}"
EndProject
Project("{9A19103F-16F7-4668-BE54-9A1E7A4F7556}") = "StandPoint.Security.Cryptography", "StandPoint.Security.Cryptography\StandPoint.Security.Cryptography.csproj", "{0E592D6A-DEB6-4B91-9959-6075E7C0C210}"
EndProject
Project("{2150E333-8FDC-42A3-9474-1A3956D46DE8}") = "NET", "NET", "{25CD2922-7AC5-42AB-8FD1-FFB33A411982}"
EndProject
Project("{2150E333-8FDC-42A3-9474-1A3956D46DE8}") = "IO", "IO", "{B8FB2302-72F6-4404-9412-EF453A7CA8BB}"
EndProject
Project("{2150E333-8FDC-42A3-9474-1A3956D46DE8}") = "SECURITY", "SECURITY", "{E29F6170-03E1-4890-A9EB-C43FC2607189}"
EndProject
Project("{9A19103F-16F7-4668-BE54-9A1E7A4F7556}") = "StandPoint.DHT.Kademlia", "StandPoint.DHT.Kademlia\StandPoint.DHT.Kademlia.csproj", "{D88F691D-95CD-4816-8B97-90CEB4702E47}"
EndProject
Project("{9A19103F-16F7-4668-BE54-9A1E7A4F7556}") = "StandPoint.Bitcoin", "StandPoint.Bitcoin\StandPoint.Bitcoin.csproj", "{B784BDE4-0D0B-453D-9EB2-0E8D965AB628}"
EndProject
Project("{9A19103F-16F7-4668-BE54-9A1E7A4F7556}") = "StandPoint.XProtocol", "StandPoint.XProtocol\StandPoint.XProtocol.csproj", "{6DD212DC-D9CF-410B-BF75-0325744E4B96}"
EndProject
Global
	GlobalSection(SolutionConfigurationPlatforms) = preSolution
		Debug|Any CPU = Debug|Any CPU
		Debug|x64 = Debug|x64
		Debug|x86 = Debug|x86
		Release|Any CPU = Release|Any CPU
		Release|x64 = Release|x64
		Release|x86 = Release|x86
	EndGlobalSection
	GlobalSection(ProjectConfigurationPlatforms) = postSolution
		{A5911801-239B-4C06-8F24-75B6A4837331}.Debug|Any CPU.ActiveCfg = Debug|Any CPU
		{A5911801-239B-4C06-8F24-75B6A4837331}.Debug|Any CPU.Build.0 = Debug|Any CPU
		{A5911801-239B-4C06-8F24-75B6A4837331}.Debug|x64.ActiveCfg = Debug|Any CPU
		{A5911801-239B-4C06-8F24-75B6A4837331}.Debug|x64.Build.0 = Debug|Any CPU
		{A5911801-239B-4C06-8F24-75B6A4837331}.Debug|x86.ActiveCfg = Debug|Any CPU
		{A5911801-239B-4C06-8F24-75B6A4837331}.Debug|x86.Build.0 = Debug|Any CPU
		{A5911801-239B-4C06-8F24-75B6A4837331}.Release|Any CPU.ActiveCfg = Release|Any CPU
		{A5911801-239B-4C06-8F24-75B6A4837331}.Release|Any CPU.Build.0 = Release|Any CPU
		{A5911801-239B-4C06-8F24-75B6A4837331}.Release|x64.ActiveCfg = Release|Any CPU
		{A5911801-239B-4C06-8F24-75B6A4837331}.Release|x64.Build.0 = Release|Any CPU
		{A5911801-239B-4C06-8F24-75B6A4837331}.Release|x86.ActiveCfg = Release|Any CPU
		{A5911801-239B-4C06-8F24-75B6A4837331}.Release|x86.Build.0 = Release|Any CPU
		{77D0CAD9-85CC-4224-8925-2DB923471B1E}.Debug|Any CPU.ActiveCfg = Debug|Any CPU
		{77D0CAD9-85CC-4224-8925-2DB923471B1E}.Debug|Any CPU.Build.0 = Debug|Any CPU
		{77D0CAD9-85CC-4224-8925-2DB923471B1E}.Debug|x64.ActiveCfg = Debug|Any CPU
		{77D0CAD9-85CC-4224-8925-2DB923471B1E}.Debug|x64.Build.0 = Debug|Any CPU
		{77D0CAD9-85CC-4224-8925-2DB923471B1E}.Debug|x86.ActiveCfg = Debug|Any CPU
		{77D0CAD9-85CC-4224-8925-2DB923471B1E}.Debug|x86.Build.0 = Debug|Any CPU
		{77D0CAD9-85CC-4224-8925-2DB923471B1E}.Release|Any CPU.ActiveCfg = Release|Any CPU
		{77D0CAD9-85CC-4224-8925-2DB923471B1E}.Release|Any CPU.Build.0 = Release|Any CPU
		{77D0CAD9-85CC-4224-8925-2DB923471B1E}.Release|x64.ActiveCfg = Release|Any CPU
		{77D0CAD9-85CC-4224-8925-2DB923471B1E}.Release|x64.Build.0 = Release|Any CPU
		{77D0CAD9-85CC-4224-8925-2DB923471B1E}.Release|x86.ActiveCfg = Release|Any CPU
		{77D0CAD9-85CC-4224-8925-2DB923471B1E}.Release|x86.Build.0 = Release|Any CPU
		{E35469A8-A2B8-4923-BF0D-84E766F185B0}.Debug|Any CPU.ActiveCfg = Debug|Any CPU
		{E35469A8-A2B8-4923-BF0D-84E766F185B0}.Debug|Any CPU.Build.0 = Debug|Any CPU
		{E35469A8-A2B8-4923-BF0D-84E766F185B0}.Debug|x64.ActiveCfg = Debug|Any CPU
		{E35469A8-A2B8-4923-BF0D-84E766F185B0}.Debug|x64.Build.0 = Debug|Any CPU
		{E35469A8-A2B8-4923-BF0D-84E766F185B0}.Debug|x86.ActiveCfg = Debug|Any CPU
		{E35469A8-A2B8-4923-BF0D-84E766F185B0}.Debug|x86.Build.0 = Debug|Any CPU
		{E35469A8-A2B8-4923-BF0D-84E766F185B0}.Release|Any CPU.ActiveCfg = Release|Any CPU
		{E35469A8-A2B8-4923-BF0D-84E766F185B0}.Release|Any CPU.Build.0 = Release|Any CPU
		{E35469A8-A2B8-4923-BF0D-84E766F185B0}.Release|x64.ActiveCfg = Release|Any CPU
		{E35469A8-A2B8-4923-BF0D-84E766F185B0}.Release|x64.Build.0 = Release|Any CPU
		{E35469A8-A2B8-4923-BF0D-84E766F185B0}.Release|x86.ActiveCfg = Release|Any CPU
		{E35469A8-A2B8-4923-BF0D-84E766F185B0}.Release|x86.Build.0 = Release|Any CPU
		{F609FCE1-C33C-4F51-9D21-E7E211B912CC}.Debug|Any CPU.ActiveCfg = Debug|Any CPU
		{F609FCE1-C33C-4F51-9D21-E7E211B912CC}.Debug|Any CPU.Build.0 = Debug|Any CPU
		{F609FCE1-C33C-4F51-9D21-E7E211B912CC}.Debug|x64.ActiveCfg = Debug|Any CPU
		{F609FCE1-C33C-4F51-9D21-E7E211B912CC}.Debug|x64.Build.0 = Debug|Any CPU
		{F609FCE1-C33C-4F51-9D21-E7E211B912CC}.Debug|x86.ActiveCfg = Debug|Any CPU
		{F609FCE1-C33C-4F51-9D21-E7E211B912CC}.Debug|x86.Build.0 = Debug|Any CPU
		{F609FCE1-C33C-4F51-9D21-E7E211B912CC}.Release|Any CPU.ActiveCfg = Release|Any CPU
		{F609FCE1-C33C-4F51-9D21-E7E211B912CC}.Release|Any CPU.Build.0 = Release|Any CPU
		{F609FCE1-C33C-4F51-9D21-E7E211B912CC}.Release|x64.ActiveCfg = Release|Any CPU
		{F609FCE1-C33C-4F51-9D21-E7E211B912CC}.Release|x64.Build.0 = Release|Any CPU
		{F609FCE1-C33C-4F51-9D21-E7E211B912CC}.Release|x86.ActiveCfg = Release|Any CPU
		{F609FCE1-C33C-4F51-9D21-E7E211B912CC}.Release|x86.Build.0 = Release|Any CPU
		{75DE837E-5F1C-4DB1-B5E1-F4BAA93144D2}.Debug|Any CPU.ActiveCfg = Debug|Any CPU
		{75DE837E-5F1C-4DB1-B5E1-F4BAA93144D2}.Debug|Any CPU.Build.0 = Debug|Any CPU
		{75DE837E-5F1C-4DB1-B5E1-F4BAA93144D2}.Debug|x64.ActiveCfg = Debug|Any CPU
		{75DE837E-5F1C-4DB1-B5E1-F4BAA93144D2}.Debug|x64.Build.0 = Debug|Any CPU
		{75DE837E-5F1C-4DB1-B5E1-F4BAA93144D2}.Debug|x86.ActiveCfg = Debug|Any CPU
		{75DE837E-5F1C-4DB1-B5E1-F4BAA93144D2}.Debug|x86.Build.0 = Debug|Any CPU
		{75DE837E-5F1C-4DB1-B5E1-F4BAA93144D2}.Release|Any CPU.ActiveCfg = Release|Any CPU
		{75DE837E-5F1C-4DB1-B5E1-F4BAA93144D2}.Release|Any CPU.Build.0 = Release|Any CPU
		{75DE837E-5F1C-4DB1-B5E1-F4BAA93144D2}.Release|x64.ActiveCfg = Release|Any CPU
		{75DE837E-5F1C-4DB1-B5E1-F4BAA93144D2}.Release|x64.Build.0 = Release|Any CPU
		{75DE837E-5F1C-4DB1-B5E1-F4BAA93144D2}.Release|x86.ActiveCfg = Release|Any CPU
		{75DE837E-5F1C-4DB1-B5E1-F4BAA93144D2}.Release|x86.Build.0 = Release|Any CPU
		{2CA22035-E8FA-4FD5-BC0D-A03DDDFD4596}.Debug|Any CPU.ActiveCfg = Debug|Any CPU
		{2CA22035-E8FA-4FD5-BC0D-A03DDDFD4596}.Debug|Any CPU.Build.0 = Debug|Any CPU
		{2CA22035-E8FA-4FD5-BC0D-A03DDDFD4596}.Debug|x64.ActiveCfg = Debug|Any CPU
		{2CA22035-E8FA-4FD5-BC0D-A03DDDFD4596}.Debug|x64.Build.0 = Debug|Any CPU
		{2CA22035-E8FA-4FD5-BC0D-A03DDDFD4596}.Debug|x86.ActiveCfg = Debug|Any CPU
		{2CA22035-E8FA-4FD5-BC0D-A03DDDFD4596}.Debug|x86.Build.0 = Debug|Any CPU
		{2CA22035-E8FA-4FD5-BC0D-A03DDDFD4596}.Release|Any CPU.ActiveCfg = Release|Any CPU
		{2CA22035-E8FA-4FD5-BC0D-A03DDDFD4596}.Release|Any CPU.Build.0 = Release|Any CPU
		{2CA22035-E8FA-4FD5-BC0D-A03DDDFD4596}.Release|x64.ActiveCfg = Release|Any CPU
		{2CA22035-E8FA-4FD5-BC0D-A03DDDFD4596}.Release|x64.Build.0 = Release|Any CPU
		{2CA22035-E8FA-4FD5-BC0D-A03DDDFD4596}.Release|x86.ActiveCfg = Release|Any CPU
		{2CA22035-E8FA-4FD5-BC0D-A03DDDFD4596}.Release|x86.Build.0 = Release|Any CPU
		{C0B99B9F-9324-4370-A8D1-F8AE29C7EE29}.Debug|Any CPU.ActiveCfg = Debug|Any CPU
		{C0B99B9F-9324-4370-A8D1-F8AE29C7EE29}.Debug|Any CPU.Build.0 = Debug|Any CPU
		{C0B99B9F-9324-4370-A8D1-F8AE29C7EE29}.Debug|x64.ActiveCfg = Debug|Any CPU
		{C0B99B9F-9324-4370-A8D1-F8AE29C7EE29}.Debug|x64.Build.0 = Debug|Any CPU
		{C0B99B9F-9324-4370-A8D1-F8AE29C7EE29}.Debug|x86.ActiveCfg = Debug|Any CPU
		{C0B99B9F-9324-4370-A8D1-F8AE29C7EE29}.Debug|x86.Build.0 = Debug|Any CPU
		{C0B99B9F-9324-4370-A8D1-F8AE29C7EE29}.Release|Any CPU.ActiveCfg = Release|Any CPU
		{C0B99B9F-9324-4370-A8D1-F8AE29C7EE29}.Release|Any CPU.Build.0 = Release|Any CPU
		{C0B99B9F-9324-4370-A8D1-F8AE29C7EE29}.Release|x64.ActiveCfg = Release|Any CPU
		{C0B99B9F-9324-4370-A8D1-F8AE29C7EE29}.Release|x64.Build.0 = Release|Any CPU
		{C0B99B9F-9324-4370-A8D1-F8AE29C7EE29}.Release|x86.ActiveCfg = Release|Any CPU
		{C0B99B9F-9324-4370-A8D1-F8AE29C7EE29}.Release|x86.Build.0 = Release|Any CPU
		{1041CDC9-BE77-446D-9DAA-A92C7BDA3252}.Debug|Any CPU.ActiveCfg = Debug|Any CPU
		{1041CDC9-BE77-446D-9DAA-A92C7BDA3252}.Debug|Any CPU.Build.0 = Debug|Any CPU
		{1041CDC9-BE77-446D-9DAA-A92C7BDA3252}.Debug|x64.ActiveCfg = Debug|Any CPU
		{1041CDC9-BE77-446D-9DAA-A92C7BDA3252}.Debug|x64.Build.0 = Debug|Any CPU
		{1041CDC9-BE77-446D-9DAA-A92C7BDA3252}.Debug|x86.ActiveCfg = Debug|Any CPU
		{1041CDC9-BE77-446D-9DAA-A92C7BDA3252}.Debug|x86.Build.0 = Debug|Any CPU
		{1041CDC9-BE77-446D-9DAA-A92C7BDA3252}.Release|Any CPU.ActiveCfg = Release|Any CPU
		{1041CDC9-BE77-446D-9DAA-A92C7BDA3252}.Release|Any CPU.Build.0 = Release|Any CPU
		{1041CDC9-BE77-446D-9DAA-A92C7BDA3252}.Release|x64.ActiveCfg = Release|Any CPU
		{1041CDC9-BE77-446D-9DAA-A92C7BDA3252}.Release|x64.Build.0 = Release|Any CPU
		{1041CDC9-BE77-446D-9DAA-A92C7BDA3252}.Release|x86.ActiveCfg = Release|Any CPU
		{1041CDC9-BE77-446D-9DAA-A92C7BDA3252}.Release|x86.Build.0 = Release|Any CPU
		{4837CF9A-13E4-4126-A077-B6DEF2A731F1}.Debug|Any CPU.ActiveCfg = Debug|Any CPU
		{4837CF9A-13E4-4126-A077-B6DEF2A731F1}.Debug|Any CPU.Build.0 = Debug|Any CPU
		{4837CF9A-13E4-4126-A077-B6DEF2A731F1}.Debug|x64.ActiveCfg = Debug|Any CPU
		{4837CF9A-13E4-4126-A077-B6DEF2A731F1}.Debug|x64.Build.0 = Debug|Any CPU
		{4837CF9A-13E4-4126-A077-B6DEF2A731F1}.Debug|x86.ActiveCfg = Debug|Any CPU
		{4837CF9A-13E4-4126-A077-B6DEF2A731F1}.Debug|x86.Build.0 = Debug|Any CPU
		{4837CF9A-13E4-4126-A077-B6DEF2A731F1}.Release|Any CPU.ActiveCfg = Release|Any CPU
		{4837CF9A-13E4-4126-A077-B6DEF2A731F1}.Release|Any CPU.Build.0 = Release|Any CPU
		{4837CF9A-13E4-4126-A077-B6DEF2A731F1}.Release|x64.ActiveCfg = Release|Any CPU
		{4837CF9A-13E4-4126-A077-B6DEF2A731F1}.Release|x64.Build.0 = Release|Any CPU
		{4837CF9A-13E4-4126-A077-B6DEF2A731F1}.Release|x86.ActiveCfg = Release|Any CPU
		{4837CF9A-13E4-4126-A077-B6DEF2A731F1}.Release|x86.Build.0 = Release|Any CPU
		{433AD6EF-95A2-494F-855F-6CDF9FFA48F3}.Debug|Any CPU.ActiveCfg = Debug|Any CPU
		{433AD6EF-95A2-494F-855F-6CDF9FFA48F3}.Debug|Any CPU.Build.0 = Debug|Any CPU
		{433AD6EF-95A2-494F-855F-6CDF9FFA48F3}.Debug|x64.ActiveCfg = Debug|Any CPU
		{433AD6EF-95A2-494F-855F-6CDF9FFA48F3}.Debug|x64.Build.0 = Debug|Any CPU
		{433AD6EF-95A2-494F-855F-6CDF9FFA48F3}.Debug|x86.ActiveCfg = Debug|Any CPU
		{433AD6EF-95A2-494F-855F-6CDF9FFA48F3}.Debug|x86.Build.0 = Debug|Any CPU
		{433AD6EF-95A2-494F-855F-6CDF9FFA48F3}.Release|Any CPU.ActiveCfg = Release|Any CPU
		{433AD6EF-95A2-494F-855F-6CDF9FFA48F3}.Release|Any CPU.Build.0 = Release|Any CPU
		{433AD6EF-95A2-494F-855F-6CDF9FFA48F3}.Release|x64.ActiveCfg = Release|Any CPU
		{433AD6EF-95A2-494F-855F-6CDF9FFA48F3}.Release|x64.Build.0 = Release|Any CPU
		{433AD6EF-95A2-494F-855F-6CDF9FFA48F3}.Release|x86.ActiveCfg = Release|Any CPU
		{433AD6EF-95A2-494F-855F-6CDF9FFA48F3}.Release|x86.Build.0 = Release|Any CPU
		{4C4D38FF-70EB-4F90-B6E9-A4C758DCFCCA}.Debug|Any CPU.ActiveCfg = Debug|Any CPU
		{4C4D38FF-70EB-4F90-B6E9-A4C758DCFCCA}.Debug|Any CPU.Build.0 = Debug|Any CPU
		{4C4D38FF-70EB-4F90-B6E9-A4C758DCFCCA}.Debug|x64.ActiveCfg = Debug|Any CPU
		{4C4D38FF-70EB-4F90-B6E9-A4C758DCFCCA}.Debug|x64.Build.0 = Debug|Any CPU
		{4C4D38FF-70EB-4F90-B6E9-A4C758DCFCCA}.Debug|x86.ActiveCfg = Debug|Any CPU
		{4C4D38FF-70EB-4F90-B6E9-A4C758DCFCCA}.Debug|x86.Build.0 = Debug|Any CPU
		{4C4D38FF-70EB-4F90-B6E9-A4C758DCFCCA}.Release|Any CPU.ActiveCfg = Release|Any CPU
		{4C4D38FF-70EB-4F90-B6E9-A4C758DCFCCA}.Release|Any CPU.Build.0 = Release|Any CPU
		{4C4D38FF-70EB-4F90-B6E9-A4C758DCFCCA}.Release|x64.ActiveCfg = Release|Any CPU
		{4C4D38FF-70EB-4F90-B6E9-A4C758DCFCCA}.Release|x64.Build.0 = Release|Any CPU
		{4C4D38FF-70EB-4F90-B6E9-A4C758DCFCCA}.Release|x86.ActiveCfg = Release|Any CPU
		{4C4D38FF-70EB-4F90-B6E9-A4C758DCFCCA}.Release|x86.Build.0 = Release|Any CPU
		{3F2169B8-1949-429F-8245-892241338ED6}.Debug|Any CPU.ActiveCfg = Debug|Any CPU
		{3F2169B8-1949-429F-8245-892241338ED6}.Debug|Any CPU.Build.0 = Debug|Any CPU
		{3F2169B8-1949-429F-8245-892241338ED6}.Debug|x64.ActiveCfg = Debug|Any CPU
		{3F2169B8-1949-429F-8245-892241338ED6}.Debug|x64.Build.0 = Debug|Any CPU
		{3F2169B8-1949-429F-8245-892241338ED6}.Debug|x86.ActiveCfg = Debug|Any CPU
		{3F2169B8-1949-429F-8245-892241338ED6}.Debug|x86.Build.0 = Debug|Any CPU
		{3F2169B8-1949-429F-8245-892241338ED6}.Release|Any CPU.ActiveCfg = Release|Any CPU
		{3F2169B8-1949-429F-8245-892241338ED6}.Release|Any CPU.Build.0 = Release|Any CPU
		{3F2169B8-1949-429F-8245-892241338ED6}.Release|x64.ActiveCfg = Release|Any CPU
		{3F2169B8-1949-429F-8245-892241338ED6}.Release|x64.Build.0 = Release|Any CPU
		{3F2169B8-1949-429F-8245-892241338ED6}.Release|x86.ActiveCfg = Release|Any CPU
		{3F2169B8-1949-429F-8245-892241338ED6}.Release|x86.Build.0 = Release|Any CPU
		{6833A50D-5E67-471D-8EDC-62609A0D69FF}.Debug|Any CPU.ActiveCfg = Debug|Any CPU
		{6833A50D-5E67-471D-8EDC-62609A0D69FF}.Debug|Any CPU.Build.0 = Debug|Any CPU
		{6833A50D-5E67-471D-8EDC-62609A0D69FF}.Debug|x64.ActiveCfg = Debug|Any CPU
		{6833A50D-5E67-471D-8EDC-62609A0D69FF}.Debug|x64.Build.0 = Debug|Any CPU
		{6833A50D-5E67-471D-8EDC-62609A0D69FF}.Debug|x86.ActiveCfg = Debug|Any CPU
		{6833A50D-5E67-471D-8EDC-62609A0D69FF}.Debug|x86.Build.0 = Debug|Any CPU
		{6833A50D-5E67-471D-8EDC-62609A0D69FF}.Release|Any CPU.ActiveCfg = Release|Any CPU
		{6833A50D-5E67-471D-8EDC-62609A0D69FF}.Release|Any CPU.Build.0 = Release|Any CPU
		{6833A50D-5E67-471D-8EDC-62609A0D69FF}.Release|x64.ActiveCfg = Release|Any CPU
		{6833A50D-5E67-471D-8EDC-62609A0D69FF}.Release|x64.Build.0 = Release|Any CPU
		{6833A50D-5E67-471D-8EDC-62609A0D69FF}.Release|x86.ActiveCfg = Release|Any CPU
		{6833A50D-5E67-471D-8EDC-62609A0D69FF}.Release|x86.Build.0 = Release|Any CPU
		{1963959C-CFEE-43B3-B7E3-C022A9C50EE8}.Debug|Any CPU.ActiveCfg = Debug|Any CPU
		{1963959C-CFEE-43B3-B7E3-C022A9C50EE8}.Debug|Any CPU.Build.0 = Debug|Any CPU
		{1963959C-CFEE-43B3-B7E3-C022A9C50EE8}.Debug|x64.ActiveCfg = Debug|Any CPU
		{1963959C-CFEE-43B3-B7E3-C022A9C50EE8}.Debug|x64.Build.0 = Debug|Any CPU
		{1963959C-CFEE-43B3-B7E3-C022A9C50EE8}.Debug|x86.ActiveCfg = Debug|Any CPU
		{1963959C-CFEE-43B3-B7E3-C022A9C50EE8}.Debug|x86.Build.0 = Debug|Any CPU
		{1963959C-CFEE-43B3-B7E3-C022A9C50EE8}.Release|Any CPU.ActiveCfg = Release|Any CPU
		{1963959C-CFEE-43B3-B7E3-C022A9C50EE8}.Release|Any CPU.Build.0 = Release|Any CPU
		{1963959C-CFEE-43B3-B7E3-C022A9C50EE8}.Release|x64.ActiveCfg = Release|Any CPU
		{1963959C-CFEE-43B3-B7E3-C022A9C50EE8}.Release|x64.Build.0 = Release|Any CPU
		{1963959C-CFEE-43B3-B7E3-C022A9C50EE8}.Release|x86.ActiveCfg = Release|Any CPU
		{1963959C-CFEE-43B3-B7E3-C022A9C50EE8}.Release|x86.Build.0 = Release|Any CPU
		{96C81FE9-B28A-4C00-AA39-B9C87C20CEBF}.Debug|Any CPU.ActiveCfg = Debug|Any CPU
		{96C81FE9-B28A-4C00-AA39-B9C87C20CEBF}.Debug|Any CPU.Build.0 = Debug|Any CPU
		{96C81FE9-B28A-4C00-AA39-B9C87C20CEBF}.Debug|x64.ActiveCfg = Debug|Any CPU
		{96C81FE9-B28A-4C00-AA39-B9C87C20CEBF}.Debug|x64.Build.0 = Debug|Any CPU
		{96C81FE9-B28A-4C00-AA39-B9C87C20CEBF}.Debug|x86.ActiveCfg = Debug|Any CPU
		{96C81FE9-B28A-4C00-AA39-B9C87C20CEBF}.Debug|x86.Build.0 = Debug|Any CPU
		{96C81FE9-B28A-4C00-AA39-B9C87C20CEBF}.Release|Any CPU.ActiveCfg = Release|Any CPU
		{96C81FE9-B28A-4C00-AA39-B9C87C20CEBF}.Release|Any CPU.Build.0 = Release|Any CPU
		{96C81FE9-B28A-4C00-AA39-B9C87C20CEBF}.Release|x64.ActiveCfg = Release|Any CPU
		{96C81FE9-B28A-4C00-AA39-B9C87C20CEBF}.Release|x64.Build.0 = Release|Any CPU
		{96C81FE9-B28A-4C00-AA39-B9C87C20CEBF}.Release|x86.ActiveCfg = Release|Any CPU
		{96C81FE9-B28A-4C00-AA39-B9C87C20CEBF}.Release|x86.Build.0 = Release|Any CPU
		{0E592D6A-DEB6-4B91-9959-6075E7C0C210}.Debug|Any CPU.ActiveCfg = Debug|Any CPU
		{0E592D6A-DEB6-4B91-9959-6075E7C0C210}.Debug|Any CPU.Build.0 = Debug|Any CPU
		{0E592D6A-DEB6-4B91-9959-6075E7C0C210}.Debug|x64.ActiveCfg = Debug|Any CPU
		{0E592D6A-DEB6-4B91-9959-6075E7C0C210}.Debug|x64.Build.0 = Debug|Any CPU
		{0E592D6A-DEB6-4B91-9959-6075E7C0C210}.Debug|x86.ActiveCfg = Debug|Any CPU
		{0E592D6A-DEB6-4B91-9959-6075E7C0C210}.Debug|x86.Build.0 = Debug|Any CPU
		{0E592D6A-DEB6-4B91-9959-6075E7C0C210}.Release|Any CPU.ActiveCfg = Release|Any CPU
		{0E592D6A-DEB6-4B91-9959-6075E7C0C210}.Release|Any CPU.Build.0 = Release|Any CPU
		{0E592D6A-DEB6-4B91-9959-6075E7C0C210}.Release|x64.ActiveCfg = Release|Any CPU
		{0E592D6A-DEB6-4B91-9959-6075E7C0C210}.Release|x64.Build.0 = Release|Any CPU
		{0E592D6A-DEB6-4B91-9959-6075E7C0C210}.Release|x86.ActiveCfg = Release|Any CPU
		{0E592D6A-DEB6-4B91-9959-6075E7C0C210}.Release|x86.Build.0 = Release|Any CPU
		{D88F691D-95CD-4816-8B97-90CEB4702E47}.Debug|Any CPU.ActiveCfg = Debug|Any CPU
		{D88F691D-95CD-4816-8B97-90CEB4702E47}.Debug|Any CPU.Build.0 = Debug|Any CPU
		{D88F691D-95CD-4816-8B97-90CEB4702E47}.Debug|x64.ActiveCfg = Debug|Any CPU
		{D88F691D-95CD-4816-8B97-90CEB4702E47}.Debug|x64.Build.0 = Debug|Any CPU
		{D88F691D-95CD-4816-8B97-90CEB4702E47}.Debug|x86.ActiveCfg = Debug|Any CPU
		{D88F691D-95CD-4816-8B97-90CEB4702E47}.Debug|x86.Build.0 = Debug|Any CPU
		{D88F691D-95CD-4816-8B97-90CEB4702E47}.Release|Any CPU.ActiveCfg = Release|Any CPU
		{D88F691D-95CD-4816-8B97-90CEB4702E47}.Release|Any CPU.Build.0 = Release|Any CPU
		{D88F691D-95CD-4816-8B97-90CEB4702E47}.Release|x64.ActiveCfg = Release|Any CPU
		{D88F691D-95CD-4816-8B97-90CEB4702E47}.Release|x64.Build.0 = Release|Any CPU
		{D88F691D-95CD-4816-8B97-90CEB4702E47}.Release|x86.ActiveCfg = Release|Any CPU
		{D88F691D-95CD-4816-8B97-90CEB4702E47}.Release|x86.Build.0 = Release|Any CPU
		{B784BDE4-0D0B-453D-9EB2-0E8D965AB628}.Debug|Any CPU.ActiveCfg = Debug|Any CPU
		{B784BDE4-0D0B-453D-9EB2-0E8D965AB628}.Debug|Any CPU.Build.0 = Debug|Any CPU
		{B784BDE4-0D0B-453D-9EB2-0E8D965AB628}.Debug|x64.ActiveCfg = Debug|Any CPU
		{B784BDE4-0D0B-453D-9EB2-0E8D965AB628}.Debug|x64.Build.0 = Debug|Any CPU
		{B784BDE4-0D0B-453D-9EB2-0E8D965AB628}.Debug|x86.ActiveCfg = Debug|Any CPU
		{B784BDE4-0D0B-453D-9EB2-0E8D965AB628}.Debug|x86.Build.0 = Debug|Any CPU
		{B784BDE4-0D0B-453D-9EB2-0E8D965AB628}.Release|Any CPU.ActiveCfg = Release|Any CPU
		{B784BDE4-0D0B-453D-9EB2-0E8D965AB628}.Release|Any CPU.Build.0 = Release|Any CPU
		{B784BDE4-0D0B-453D-9EB2-0E8D965AB628}.Release|x64.ActiveCfg = Release|Any CPU
		{B784BDE4-0D0B-453D-9EB2-0E8D965AB628}.Release|x64.Build.0 = Release|Any CPU
		{B784BDE4-0D0B-453D-9EB2-0E8D965AB628}.Release|x86.ActiveCfg = Release|Any CPU
		{B784BDE4-0D0B-453D-9EB2-0E8D965AB628}.Release|x86.Build.0 = Release|Any CPU
		{6DD212DC-D9CF-410B-BF75-0325744E4B96}.Debug|Any CPU.ActiveCfg = Debug|Any CPU
		{6DD212DC-D9CF-410B-BF75-0325744E4B96}.Debug|Any CPU.Build.0 = Debug|Any CPU
		{6DD212DC-D9CF-410B-BF75-0325744E4B96}.Debug|x64.ActiveCfg = Debug|Any CPU
		{6DD212DC-D9CF-410B-BF75-0325744E4B96}.Debug|x64.Build.0 = Debug|Any CPU
		{6DD212DC-D9CF-410B-BF75-0325744E4B96}.Debug|x86.ActiveCfg = Debug|Any CPU
		{6DD212DC-D9CF-410B-BF75-0325744E4B96}.Debug|x86.Build.0 = Debug|Any CPU
		{6DD212DC-D9CF-410B-BF75-0325744E4B96}.Release|Any CPU.ActiveCfg = Release|Any CPU
		{6DD212DC-D9CF-410B-BF75-0325744E4B96}.Release|Any CPU.Build.0 = Release|Any CPU
		{6DD212DC-D9CF-410B-BF75-0325744E4B96}.Release|x64.ActiveCfg = Release|Any CPU
		{6DD212DC-D9CF-410B-BF75-0325744E4B96}.Release|x64.Build.0 = Release|Any CPU
		{6DD212DC-D9CF-410B-BF75-0325744E4B96}.Release|x86.ActiveCfg = Release|Any CPU
		{6DD212DC-D9CF-410B-BF75-0325744E4B96}.Release|x86.Build.0 = Release|Any CPU
	EndGlobalSection
	GlobalSection(SolutionProperties) = preSolution
		HideSolutionNode = FALSE
	EndGlobalSection
	GlobalSection(NestedProjects) = preSolution
		{A5911801-239B-4C06-8F24-75B6A4837331} = {25CD2922-7AC5-42AB-8FD1-FFB33A411982}
		{F609FCE1-C33C-4F51-9D21-E7E211B912CC} = {5AA728A7-FC9D-4FA2-BA28-7F9D46454011}
		{C0B99B9F-9324-4370-A8D1-F8AE29C7EE29} = {25CD2922-7AC5-42AB-8FD1-FFB33A411982}
		{1041CDC9-BE77-446D-9DAA-A92C7BDA3252} = {25CD2922-7AC5-42AB-8FD1-FFB33A411982}
		{4837CF9A-13E4-4126-A077-B6DEF2A731F1} = {B8FB2302-72F6-4404-9412-EF453A7CA8BB}
		{433AD6EF-95A2-494F-855F-6CDF9FFA48F3} = {25CD2922-7AC5-42AB-8FD1-FFB33A411982}
		{4C4D38FF-70EB-4F90-B6E9-A4C758DCFCCA} = {25CD2922-7AC5-42AB-8FD1-FFB33A411982}
		{3F2169B8-1949-429F-8245-892241338ED6} = {35BA6470-EDB6-42FB-9C82-3DC1F934B1F9}
		{6833A50D-5E67-471D-8EDC-62609A0D69FF} = {35BA6470-EDB6-42FB-9C82-3DC1F934B1F9}
		{0E592D6A-DEB6-4B91-9959-6075E7C0C210} = {E29F6170-03E1-4890-A9EB-C43FC2607189}
	EndGlobalSection
	GlobalSection(ExtensibilityGlobals) = postSolution
		SolutionGuid = {D44828C2-DE58-4968-8F65-2D37C517034F}
	EndGlobalSection
EndGlobal
